
Microsoft Visual Studio Solution File, Format Version 12.00
# Visual Studio 15
VisualStudioVersion = 15.0.28307.1321
MinimumVisualStudioVersion = 10.0.40219.1
Project("{FAE04EC0-301F-11D3-BF4B-00C04F79EFBC}") = "Tacka - CSGO-Radar-Cheat", "CSGO-Radar-Cheat\Tacka - CSGO-Radar-Cheat.csproj", "{FF051A84-501C-48CC-B44A-E2FF2812A257}"
EndProject
Global
	GlobalSection(SolutionConfigurationPlatforms) = preSolution
		Debug|Any CPU = Debug|Any CPU
		Release|Any CPU = Release|Any CPU
	EndGlobalSection
	GlobalSection(ProjectConfigurationPlatforms) = postSolution
		{FF051A84-501C-48CC-B44A-E2FF2812A257}.Debug|Any CPU.ActiveCfg = Debug|Any CPU
		{FF051A84-501C-48CC-B44A-E2FF2812A257}.Debug|Any CPU.Build.0 = Debug|Any CPU
		{FF051A84-501C-48CC-B44A-E2FF2812A257}.Release|Any CPU.ActiveCfg = Release|Any CPU
		{FF051A84-501C-48CC-B44A-E2FF2812A257}.Release|Any CPU.Build.0 = Release|Any CPU
	EndGlobalSection
	GlobalSection(SolutionProperties) = preSolution
		HideSolutionNode = FALSE
	EndGlobalSection
	GlobalSection(ExtensibilityGlobals) = postSolution
		SolutionGuid = {2AB404D5-4FB1-4C75-A037-C3146F4FCC76}
	EndGlobalSection
EndGlobal
